
Microsoft Visual Studio Solution File, Format Version 12.00
# Visual Studio 15
Project("{FAE04EC0-301F-11D3-BF4B-00C04F79EFBC}") = "Assembly-CSharp-firstpass", "Assembly-CSharp-firstpass.csproj", "{8A2A1703-6982-1D28-0146-FB5D45305A9B}"
EndProject
Project("{FAE04EC0-301F-11D3-BF4B-00C04F79EFBC}") = "Assembly-CSharp", "Assembly-CSharp.csproj", "{726ECAE2-30A4-4332-85A8-BCE71C380896}"
EndProject
Global
	GlobalSection(SolutionConfigurationPlatforms) = preSolution
		Debug|Any CPU = Debug|Any CPU
		Release|Any CPU = Release|Any CPU
	EndGlobalSection
	GlobalSection(ProjectConfigurationPlatforms) = postSolution
		{8A2A1703-6982-1D28-0146-FB5D45305A9B}.Debug|Any CPU.ActiveCfg = Debug|Any CPU
		{8A2A1703-6982-1D28-0146-FB5D45305A9B}.Debug|Any CPU.Build.0 = Debug|Any CPU
		{8A2A1703-6982-1D28-0146-FB5D45305A9B}.Release|Any CPU.ActiveCfg = Release|Any CPU
		{8A2A1703-6982-1D28-0146-FB5D45305A9B}.Release|Any CPU.Build.0 = Release|Any CPU
		{726ECAE2-30A4-4332-85A8-BCE71C380896}.Debug|Any CPU.ActiveCfg = Debug|Any CPU
		{726ECAE2-30A4-4332-85A8-BCE71C380896}.Debug|Any CPU.Build.0 = Debug|Any CPU
		{726ECAE2-30A4-4332-85A8-BCE71C380896}.Release|Any CPU.ActiveCfg = Release|Any CPU
		{726ECAE2-30A4-4332-85A8-BCE71C380896}.Release|Any CPU.Build.0 = Release|Any CPU
	EndGlobalSection
	GlobalSection(SolutionProperties) = preSolution
		HideSolutionNode = FALSE
	EndGlobalSection
EndGlobal
